{
    "_readme": [
        "This file locks the dependencies of your project to a known state",
        "Read more about it at https://getcomposer.org/doc/01-basic-usage.md#installing-dependencies",
        "This file is @generated automatically"
    ],
    "content-hash": "a8c020b92f04677140f282414ecfc559",
    "packages": [
        {
            "name": "alirezasalehizadeh/quick-migration",
            "version": "v1.4.0",
            "source": {
                "type": "git",
                "url": "https://github.com/alirezasalehizadeh/QuickMigration.git",
                "reference": "500823c76adcaba27d819d51ae78f89514d8ffb4"
            },
            "dist": {
                "type": "zip",
                "url": "https://api.github.com/repos/alirezasalehizadeh/QuickMigration/zipball/500823c76adcaba27d819d51ae78f89514d8ffb4",
                "reference": "500823c76adcaba27d819d51ae78f89514d8ffb4",
                "shasum": ""
            },
            "require": {
                "php": "^8.1"
            },
            "require-dev": {
                "phpunit/phpunit": "10.1.x-dev"
            },
            "type": "library",
            "autoload": {
                "psr-4": {
                    "Alirezasalehizadeh\\QuickMigration\\": "src/"
                }
            },
            "notification-url": "https://packagist.org/downloads/",
            "license": [
                "MIT"
            ],
            "authors": [
                {
                    "name": "Alireza Salehizadeh",
                    "email": "alirezasalehizadehco@gmail.com"
                }
            ],
            "description": "A quick package for implement migrations in your PHP project.",
            "support": {
                "issues": "https://github.com/alirezasalehizadeh/QuickMigration/issues",
                "source": "https://github.com/alirezasalehizadeh/QuickMigration/tree/v1.4.0"
            },
            "time": "2023-04-16T15:08:42+00:00"
        },
        {
            "name": "makaroni/core",
            "version": "v1.1.1",
            "source": {
                "type": "git",
                "url": "https://github.com/Makaroni-Framework/Core.git",
                "reference": "0a576fb6ac1373e7a145cf8d2d5a39a8130d0db5"
            },
            "dist": {
                "type": "zip",
                "url": "https://api.github.com/repos/Makaroni-Framework/Core/zipball/0a576fb6ac1373e7a145cf8d2d5a39a8130d0db5",
                "reference": "0a576fb6ac1373e7a145cf8d2d5a39a8130d0db5",
                "shasum": ""
            },
            "require": {
                "alirezasalehizadeh/quick-migration": "1.4.0",
                "php": "^8.0",
                "symfony/routing": "^6.2"
            },
            "require-dev": {
                "phpunit/phpunit": "^9.6"
            },
            "type": "library",
            "autoload": {
                "psr-4": {
                    "Makaroni\\Core\\": "src/",
                    "Makaroni\\Core\\Test\\": "test/"
                }
            },
            "notification-url": "https://packagist.org/downloads/",
            "license": [
                "MIT"
            ],
            "authors": [
                {
                    "name": "Alireza Salehizadeh",
                    "email": "alirezasalehizadehco@gmail.com"
                }
            ],
            "description": "Makaroni core source code",
            "support": {
                "issues": "https://github.com/Makaroni-Framework/Core/issues",
                "source": "https://github.com/Makaroni-Framework/Core/tree/v1.1.1"
            },
            "time": "2023-04-17T06:31:45+00:00"
        },
        {
            "name": "symfony/routing",
            "version": "6.3.x-dev",
            "source": {
                "type": "git",
                "url": "https://github.com/symfony/routing.git",
                "reference": "8ca22cb598230478c23c5c7520179d123d51841c"
            },
            "dist": {
                "type": "zip",
                "url": "https://api.github.com/repos/symfony/routing/zipball/8ca22cb598230478c23c5c7520179d123d51841c",
                "reference": "8ca22cb598230478c23c5c7520179d123d51841c",
                "shasum": ""
            },
            "require": {
                "php": ">=8.1"
            },
            "conflict": {
                "doctrine/annotations": "<1.12",
                "symfony/config": "<6.2",
                "symfony/dependency-injection": "<5.4",
                "symfony/yaml": "<5.4"
            },
            "require-dev": {
                "doctrine/annotations": "^1.12|^2",
                "psr/log": "^1|^2|^3",
                "symfony/config": "^6.2",
                "symfony/dependency-injection": "^5.4|^6.0",
                "symfony/expression-language": "^5.4|^6.0",
                "symfony/http-foundation": "^5.4|^6.0",
                "symfony/yaml": "^5.4|^6.0"
            },
            "suggest": {
                "symfony/config": "For using the all-in-one router or any loader",
                "symfony/expression-language": "For using expression matching",
                "symfony/http-foundation": "For using a Symfony Request object",
                "symfony/yaml": "For using the YAML loader"
            },
            "type": "library",
            "autoload": {
                "psr-4": {
                    "Symfony\\Component\\Routing\\": ""
                },
                "exclude-from-classmap": [
                    "/Tests/"
                ]
            },
            "notification-url": "https://packagist.org/downloads/",
            "license": [
                "MIT"
            ],
            "authors": [
                {
                    "name": "Fabien Potencier",
                    "email": "fabien@symfony.com"
                },
                {
                    "name": "Symfony Community",
                    "homepage": "https://symfony.com/contributors"
                }
            ],
            "description": "Maps an HTTP request to a set of configuration variables",
            "homepage": "https://symfony.com",
            "keywords": [
                "router",
                "routing",
                "uri",
                "url"
            ],
            "support": {
                "source": "https://github.com/symfony/routing/tree/6.3"
            },
            "funding": [
                {
                    "url": "https://symfony.com/sponsor",
                    "type": "custom"
                },
                {
                    "url": "https://github.com/fabpot",
                    "type": "github"
                },
                {
                    "url": "https://tidelift.com/funding/github/packagist/symfony/symfony",
                    "type": "tidelift"
                }
            ],
            "time": "2023-04-03T14:56:06+00:00"
        }
    ],
    "packages-dev": [],
    "aliases": [],
    "minimum-stability": "dev",
    "stability-flags": [],
    "prefer-stable": false,
    "prefer-lowest": false,
    "platform": [],
    "platform-dev": [],
    "plugin-api-version": "2.0.0"
}
